
Microsoft Visual Studio Solution File, Format Version 12.00
# Visual Studio Version 16
VisualStudioVersion = 16.0.30128.74
MinimumVisualStudioVersion = 10.0.40219.1
Project("{8BC9CEB8-8B4A-11D0-8D11-00A0C91BC942}") = "GildedRose", "GildedRose.vcxproj", "{D2F26B84-DAB0-4AA8-9357-8199FA5736FD}"
EndProject
Global
	GlobalSection(SolutionConfigurationPlatforms) = preSolution
		Debug|x64 = Debug|x64
		Debug|x86 = Debug|x86
		Release|x64 = Release|x64
		Release|x86 = Release|x86
	EndGlobalSection
	GlobalSection(ProjectConfigurationPlatforms) = postSolution
		{D2F26B84-DAB0-4AA8-9357-8199FA5736FD}.Debug|x64.ActiveCfg = Debug|x64
		{D2F26B84-DAB0-4AA8-9357-8199FA5736FD}.Debug|x64.Build.0 = Debug|x64
		{D2F26B84-DAB0-4AA8-9357-8199FA5736FD}.Debug|x86.ActiveCfg = Debug|Win32
		{D2F26B84-DAB0-4AA8-9357-8199FA5736FD}.Debug|x86.Build.0 = Debug|Win32
		{D2F26B84-DAB0-4AA8-9357-8199FA5736FD}.Release|x64.ActiveCfg = Release|x64
		{D2F26B84-DAB0-4AA8-9357-8199FA5736FD}.Release|x64.Build.0 = Release|x64
		{D2F26B84-DAB0-4AA8-9357-8199FA5736FD}.Release|x86.ActiveCfg = Release|Win32
		{D2F26B84-DAB0-4AA8-9357-8199FA5736FD}.Release|x86.Build.0 = Release|Win32
	EndGlobalSection
	GlobalSection(SolutionProperties) = preSolution
		HideSolutionNode = FALSE
	EndGlobalSection
	GlobalSection(ExtensibilityGlobals) = postSolution
		SolutionGuid = {C24D0D2A-44FD-4036-8619-63C1126C1D54}
	EndGlobalSection
EndGlobal
