<?xml version="1.0" encoding="utf-8"?>
<Project ToolsVersion="4.0" xmlns="http://schemas.microsoft.com/developer/msbuild/2003">
  <ItemGroup>
    <Filter Include="Source Files">
      <UniqueIdentifier>{4FC737F1-C7A5-4376-A066-2A32D752A2FF}</UniqueIdentifier>
      <Extensions>cpp;c;cc;cxx;def;odl;idl;hpj;bat;asm;asmx</Extensions>
    </Filter>
    <Filter Include="Header Files">
      <UniqueIdentifier>{93995380-89BD-4b04-88EB-625FBE52EBFB}</UniqueIdentifier>
      <Extensions>h;hh;hpp;hxx;hm;inl;inc;xsd</Extensions>
    </Filter>
    <Filter Include="Resource Files">
      <UniqueIdentifier>{67DA6AB6-F800-4c08-8B7A-83BB121AAD01}</UniqueIdentifier>
      <Extensions>rc;ico;cur;bmp;dlg;rc2;rct;bin;rgs;gif;jpg;jpeg;jpe;resx;tiff;tif;png;wav</Extensions>
    </Filter>
  </ItemGroup>
  <ItemGroup>
    <ClCompile Include="c\GildedRoseUnitTests.cc">
      <Filter>Source Files</Filter>
    </ClCompile>
    <ClCompile Include="c\GildedRose.c">
      <Filter>Source Files</Filter>
    </ClCompile>
    <ClCompile Include="c\GildedRoseTextTests.c">
      <Filter>Source Files</Filter>
    </ClCompile>
    <ClCompile Include="c99\GildedRose.c">
      <Filter>Source Files</Filter>
    </ClCompile>
    <ClCompile Include="c99\GildedRoseTextTests.c">
      <Filter>Source Files</Filter>
    </ClCompile>
    <ClCompile Include="c99\test_main.c">
      <Filter>Source Files</Filter>
    </ClCompile>
    <ClCompile Include="c99\test_rose.c">
      <Filter>Source Files</Filter>
    </ClCompile>
    <ClCompile Include="c99\test_unity_gildedrose.c">
      <Filter>Source Files</Filter>
    </ClCompile>
    <ClCompile Include="cpp\src\GildedRose.cc">
      <Filter>Source Files</Filter>
    </ClCompile>
    <ClCompile Include="cpp\test\cpp_catch2_approvaltest\GildedRoseCatch2ApprovalTests.cc">
      <Filter>Source Files</Filter>
    </ClCompile>
    <ClCompile Include="cpp\test\cpp_catch2_unittest\GildedRoseCatch2UnitTests.cc">
      <Filter>Source Files</Filter>
    </ClCompile>
    <ClCompile Include="cpp\test\cpp_googletest_approvaltest\GildedRoseGoogletestApprovalTests.cc">
      <Filter>Source Files</Filter>
    </ClCompile>
    <ClCompile Include="cpp\test\cpp_googletest_approvaltest\googletest_approval_main.cc">
      <Filter>Source Files</Filter>
    </ClCompile>
    <ClCompile Include="cpp\test\cpp_googletest_unittest\GildedRoseGoogletestUnitTests.cc">
      <Filter>Source Files</Filter>
    </ClCompile>
    <ClCompile Include="cpp\test\cpp_texttest\GildedRoseTextTests.cc">
      <Filter>Source Files</Filter>
    </ClCompile>
    <ClCompile Include="cpp-catch2\src\GildedRose.cc">
      <Filter>Source Files</Filter>
    </ClCompile>
    <ClCompile Include="cpp-catch2\test\gildedrose_catch.cpp">
      <Filter>Source Files</Filter>
    </ClCompile>
    <ClCompile Include="cpp-catch2\test\main.cpp">
      <Filter>Source Files</Filter>
    </ClCompile>
  </ItemGroup>
  <ItemGroup>
    <ClInclude Include="c\GildedRose.h">
      <Filter>Header Files</Filter>
    </ClInclude>
    <ClInclude Include="c99\GildedRose.h">
      <Filter>Header Files</Filter>
    </ClInclude>
    <ClInclude Include="cpp\lib\ApprovalTests.hpp">
      <Filter>Header Files</Filter>
    </ClInclude>
    <ClInclude Include="cpp\lib\ApprovalTests.v.6.0.0.hpp">
      <Filter>Header Files</Filter>
    </ClInclude>
    <ClInclude Include="cpp\lib\Catch.hpp">
      <Filter>Header Files</Filter>
    </ClInclude>
    <ClInclude Include="cpp\src\GildedRose.h">
      <Filter>Header Files</Filter>
    </ClInclude>
    <ClInclude Include="cpp-catch2\src\GildedRose.h">
      <Filter>Header Files</Filter>
    </ClInclude>
    <ClInclude Include="cpp-catch2\test\ApprovalTests.hpp">
      <Filter>Header Files</Filter>
    </ClInclude>
  </ItemGroup>
</Project>