
Microsoft Visual Studio Solution File, Format Version 12.00
# Visual Studio Version 16
VisualStudioVersion = 16.0.31424.327
MinimumVisualStudioVersion = 10.0.40219.1
Project("{9A19103F-16F7-4668-BE54-9A1E7A4F7556}") = "GildedRose", "GildedRose\GildedRose.csproj", "{D781C52B-92C0-48BF-8414-177495DF4174}"
EndProject
Project("{FAE04EC0-301F-11D3-BF4B-00C04F79EFBC}") = "GildedRoseTests", "GildedRoseTests\GildedRoseTests.csproj", "{CB6715CE-A283-4C70-9C1B-F58822077731}"
EndProject
Global
	GlobalSection(SolutionConfigurationPlatforms) = preSolution
		Debug|Any CPU = Debug|Any CPU
		Release|Any CPU = Release|Any CPU
	EndGlobalSection
	GlobalSection(ProjectConfigurationPlatforms) = postSolution
		{D781C52B-92C0-48BF-8414-177495DF4174}.Debug|Any CPU.ActiveCfg = Debug|Any CPU
		{D781C52B-92C0-48BF-8414-177495DF4174}.Debug|Any CPU.Build.0 = Debug|Any CPU
		{D781C52B-92C0-48BF-8414-177495DF4174}.Release|Any CPU.ActiveCfg = Release|Any CPU
		{D781C52B-92C0-48BF-8414-177495DF4174}.Release|Any CPU.Build.0 = Release|Any CPU
		{CB6715CE-A283-4C70-9C1B-F58822077731}.Debug|Any CPU.ActiveCfg = Debug|Any CPU
		{CB6715CE-A283-4C70-9C1B-F58822077731}.Debug|Any CPU.Build.0 = Debug|Any CPU
		{CB6715CE-A283-4C70-9C1B-F58822077731}.Release|Any CPU.ActiveCfg = Release|Any CPU
		{CB6715CE-A283-4C70-9C1B-F58822077731}.Release|Any CPU.Build.0 = Release|Any CPU
	EndGlobalSection
	GlobalSection(SolutionProperties) = preSolution
		HideSolutionNode = FALSE
	EndGlobalSection
	GlobalSection(ExtensibilityGlobals) = postSolution
		SolutionGuid = {02785EA4-86A5-4E57-9A9A-6998FAE1E617}
	EndGlobalSection
EndGlobal
